
Microsoft Visual Studio Solution File, Format Version 12.00
# Visual Studio Version 17
VisualStudioVersion = 17.13.35919.96 d17.13
MinimumVisualStudioVersion = 10.0.40219.1
Project("{FAE04EC0-301F-11D3-BF4B-00C04F79EFBC}") = "ProgramaDeBinding", "ProgramaDeBinding\ProgramaDeBinding.csproj", "{32EC360F-8EAA-427E-B340-4E689FCF31BE}"
EndProject
Global
	GlobalSection(SolutionConfigurationPlatforms) = preSolution
		Debug|Any CPU = Debug|Any CPU
		Release|Any CPU = Release|Any CPU
	EndGlobalSection
	GlobalSection(ProjectConfigurationPlatforms) = postSolution
		{32EC360F-8EAA-427E-B340-4E689FCF31BE}.Debug|Any CPU.ActiveCfg = Debug|Any CPU
		{32EC360F-8EAA-427E-B340-4E689FCF31BE}.Debug|Any CPU.Build.0 = Debug|Any CPU
		{32EC360F-8EAA-427E-B340-4E689FCF31BE}.Release|Any CPU.ActiveCfg = Release|Any CPU
		{32EC360F-8EAA-427E-B340-4E689FCF31BE}.Release|Any CPU.Build.0 = Release|Any CPU
	EndGlobalSection
	GlobalSection(SolutionProperties) = preSolution
		HideSolutionNode = FALSE
	EndGlobalSection
	GlobalSection(ExtensibilityGlobals) = postSolution
		SolutionGuid = {05083DFB-A569-4725-93E8-FBD50F3A7685}
	EndGlobalSection
EndGlobal
