
Microsoft Visual Studio Solution File, Format Version 12.00
# Visual Studio Version 17
VisualStudioVersion = 17.14.36908.2 d17.14
MinimumVisualStudioVersion = 10.0.40219.1
Project("{FAE04EC0-301F-11D3-BF4B-00C04F79EFBC}") = "Maui_Inicio", "Maui_Inicio\Maui_Inicio.csproj", "{38D4BF91-E0F3-42F0-9F93-7071709235F9}"
EndProject
Global
	GlobalSection(SolutionConfigurationPlatforms) = preSolution
		Debug|Any CPU = Debug|Any CPU
		Release|Any CPU = Release|Any CPU
	EndGlobalSection
	GlobalSection(ProjectConfigurationPlatforms) = postSolution
		{38D4BF91-E0F3-42F0-9F93-7071709235F9}.Debug|Any CPU.ActiveCfg = Debug|Any CPU
		{38D4BF91-E0F3-42F0-9F93-7071709235F9}.Debug|Any CPU.Build.0 = Debug|Any CPU
		{38D4BF91-E0F3-42F0-9F93-7071709235F9}.Release|Any CPU.ActiveCfg = Release|Any CPU
		{38D4BF91-E0F3-42F0-9F93-7071709235F9}.Release|Any CPU.Build.0 = Release|Any CPU
	EndGlobalSection
	GlobalSection(SolutionProperties) = preSolution
		HideSolutionNode = FALSE
	EndGlobalSection
	GlobalSection(ExtensibilityGlobals) = postSolution
		SolutionGuid = {2DBDEB24-B38F-4D42-B2B0-3948A2B56DF8}
	EndGlobalSection
EndGlobal
